
Microsoft Visual Studio Solution File, Format Version 12.00
# Visual Studio Version 17
VisualStudioVersion = 17.9.34607.119
MinimumVisualStudioVersion = 10.0.40219.1
Project("{FAE04EC0-301F-11D3-BF4B-00C04F79EFBC}") = "Workaround", "Workaround\Workaround.csproj", "{3C9D82EF-107B-49B8-BF58-FA2294CF2120}"
EndProject
Project("{FAE04EC0-301F-11D3-BF4B-00C04F79EFBC}") = "Entities", "Entities\Entities.csproj", "{B20D53CF-626B-4F37-BCE0-4F477981B5B3}"
EndProject
Project("{FAE04EC0-301F-11D3-BF4B-00C04F79EFBC}") = "Business", "Business\Business.csproj", "{075A5C08-1875-4DA8-8DA2-9C2DFD03A0D5}"
EndProject
Global
	GlobalSection(SolutionConfigurationPlatforms) = preSolution
		Debug|Any CPU = Debug|Any CPU
		Release|Any CPU = Release|Any CPU
	EndGlobalSection
	GlobalSection(ProjectConfigurationPlatforms) = postSolution
		{3C9D82EF-107B-49B8-BF58-FA2294CF2120}.Debug|Any CPU.ActiveCfg = Debug|Any CPU
		{3C9D82EF-107B-49B8-BF58-FA2294CF2120}.Debug|Any CPU.Build.0 = Debug|Any CPU
		{3C9D82EF-107B-49B8-BF58-FA2294CF2120}.Release|Any CPU.ActiveCfg = Release|Any CPU
		{3C9D82EF-107B-49B8-BF58-FA2294CF2120}.Release|Any CPU.Build.0 = Release|Any CPU
		{B20D53CF-626B-4F37-BCE0-4F477981B5B3}.Debug|Any CPU.ActiveCfg = Debug|Any CPU
		{B20D53CF-626B-4F37-BCE0-4F477981B5B3}.Debug|Any CPU.Build.0 = Debug|Any CPU
		{B20D53CF-626B-4F37-BCE0-4F477981B5B3}.Release|Any CPU.ActiveCfg = Release|Any CPU
		{B20D53CF-626B-4F37-BCE0-4F477981B5B3}.Release|Any CPU.Build.0 = Release|Any CPU
		{075A5C08-1875-4DA8-8DA2-9C2DFD03A0D5}.Debug|Any CPU.ActiveCfg = Debug|Any CPU
		{075A5C08-1875-4DA8-8DA2-9C2DFD03A0D5}.Debug|Any CPU.Build.0 = Debug|Any CPU
		{075A5C08-1875-4DA8-8DA2-9C2DFD03A0D5}.Release|Any CPU.ActiveCfg = Release|Any CPU
		{075A5C08-1875-4DA8-8DA2-9C2DFD03A0D5}.Release|Any CPU.Build.0 = Release|Any CPU
	EndGlobalSection
	GlobalSection(SolutionProperties) = preSolution
		HideSolutionNode = FALSE
	EndGlobalSection
	GlobalSection(ExtensibilityGlobals) = postSolution
		SolutionGuid = {E2EA7A5C-E256-4690-9903-0FBB40926170}
	EndGlobalSection
EndGlobal
